// !$*UTF8*$!
{
	archiveVersion = 1;
	classes = {
	};
	objectVersion = 50;
	objects = {

/* Begin PBXBuildFile section */
		323147C623D9634500B71DCD /* AppDelegate.swift in Sources */ = {isa = PBXBuildFile; fileRef = 323147C523D9634500B71DCD /* AppDelegate.swift */; };
		323147C823D9634500B71DCD /* SceneDelegate.swift in Sources */ = {isa = PBXBuildFile; fileRef = 323147C723D9634500B71DCD /* SceneDelegate.swift */; };
		323147CA23D9634500B71DCD /* ViewController.swift in Sources */ = {isa = PBXBuildFile; fileRef = 323147C923D9634500B71DCD /* ViewController.swift */; };
		323147CD23D9634500B71DCD /* Main.storyboard in Resources */ = {isa = PBXBuildFile; fileRef = 323147CB23D9634500B71DCD /* Main.storyboard */; };
		323147CF23D9634700B71DCD /* Assets.xcassets in Resources */ = {isa = PBXBuildFile; fileRef = 323147CE23D9634700B71DCD /* Assets.xcassets */; };
		323147D223D9634700B71DCD /* LaunchScreen.storyboard in Resources */ = {isa = PBXBuildFile; fileRef = 323147D023D9634700B71DCD /* LaunchScreen.storyboard */; };
		323147DB23D965CB00B71DCD /* Weapon.swift in Sources */ = {isa = PBXBuildFile; fileRef = 323147DA23D965CB00B71DCD /* Weapon.swift */; };
		323147DD23D966C000B71DCD /* Fireable.swift in Sources */ = {isa = PBXBuildFile; fileRef = 323147DC23D966C000B71DCD /* Fireable.swift */; };
		323147DF23D9676700B71DCD /* Cuttable.swift in Sources */ = {isa = PBXBuildFile; fileRef = 323147DE23D9676700B71DCD /* Cuttable.swift */; };
		323147E223D9686C00B71DCD /* Rifle.swift in Sources */ = {isa = PBXBuildFile; fileRef = 323147E123D9686C00B71DCD /* Rifle.swift */; };
		323147E423D968D000B71DCD /* Sword.swift in Sources */ = {isa = PBXBuildFile; fileRef = 323147E323D968D000B71DCD /* Sword.swift */; };
		323147E623D96DD500B71DCD /* Bombable.swift in Sources */ = {isa = PBXBuildFile; fileRef = 323147E523D96DD500B71DCD /* Bombable.swift */; };
		323147E823D96E1600B71DCD /* Bomb.swift in Sources */ = {isa = PBXBuildFile; fileRef = 323147E723D96E1600B71DCD /* Bomb.swift */; };
		323147EC23D9700F00B71DCD /* ProtocolA.swift in Sources */ = {isa = PBXBuildFile; fileRef = 323147EB23D9700F00B71DCD /* ProtocolA.swift */; };
		323147EE23D9702900B71DCD /* ProtocolB.swift in Sources */ = {isa = PBXBuildFile; fileRef = 323147ED23D9702900B71DCD /* ProtocolB.swift */; };
		323147F023D9764C00B71DCD /* ProtocolX.swift in Sources */ = {isa = PBXBuildFile; fileRef = 323147EF23D9764C00B71DCD /* ProtocolX.swift */; };
		323147F223D9768E00B71DCD /* Test.swift in Sources */ = {isa = PBXBuildFile; fileRef = 323147F123D9768E00B71DCD /* Test.swift */; };
/* End PBXBuildFile section */

/* Begin PBXFileReference section */
		323147C223D9634500B71DCD /* ProtocolOriented.app */ = {isa = PBXFileReference; explicitFileType = wrapper.application; includeInIndex = 0; path = ProtocolOriented.app; sourceTree = BUILT_PRODUCTS_DIR; };
		323147C523D9634500B71DCD /* AppDelegate.swift */ = {isa = PBXFileReference; lastKnownFileType = sourcecode.swift; path = AppDelegate.swift; sourceTree = "<group>"; };
		323147C723D9634500B71DCD /* SceneDelegate.swift */ = {isa = PBXFileReference; lastKnownFileType = sourcecode.swift; path = SceneDelegate.swift; sourceTree = "<group>"; };
		323147C923D9634500B71DCD /* ViewController.swift */ = {isa = PBXFileReference; lastKnownFileType = sourcecode.swift; path = ViewController.swift; sourceTree = "<group>"; };
		323147CC23D9634500B71DCD /* Base */ = {isa = PBXFileReference; lastKnownFileType = file.storyboard; name = Base; path = Base.lproj/Main.storyboard; sourceTree = "<group>"; };
		323147CE23D9634700B71DCD /* Assets.xcassets */ = {isa = PBXFileReference; lastKnownFileType = folder.assetcatalog; path = Assets.xcassets; sourceTree = "<group>"; };
		323147D123D9634700B71DCD /* Base */ = {isa = PBXFileReference; lastKnownFileType = file.storyboard; name = Base; path = Base.lproj/LaunchScreen.storyboard; sourceTree = "<group>"; };
		323147D323D9634700B71DCD /* Info.plist */ = {isa = PBXFileReference; lastKnownFileType = text.plist.xml; path = Info.plist; sourceTree = "<group>"; };
		323147DA23D965CB00B71DCD /* Weapon.swift */ = {isa = PBXFileReference; lastKnownFileType = sourcecode.swift; path = Weapon.swift; sourceTree = "<group>"; };
		323147DC23D966C000B71DCD /* Fireable.swift */ = {isa = PBXFileReference; lastKnownFileType = sourcecode.swift; path = Fireable.swift; sourceTree = "<group>"; };
		323147DE23D9676700B71DCD /* Cuttable.swift */ = {isa = PBXFileReference; lastKnownFileType = sourcecode.swift; path = Cuttable.swift; sourceTree = "<group>"; };
		323147E123D9686C00B71DCD /* Rifle.swift */ = {isa = PBXFileReference; lastKnownFileType = sourcecode.swift; path = Rifle.swift; sourceTree = "<group>"; };
		323147E323D968D000B71DCD /* Sword.swift */ = {isa = PBXFileReference; lastKnownFileType = sourcecode.swift; path = Sword.swift; sourceTree = "<group>"; };
		323147E523D96DD500B71DCD /* Bombable.swift */ = {isa = PBXFileReference; lastKnownFileType = sourcecode.swift; path = Bombable.swift; sourceTree = "<group>"; };
		323147E723D96E1600B71DCD /* Bomb.swift */ = {isa = PBXFileReference; lastKnownFileType = sourcecode.swift; path = Bomb.swift; sourceTree = "<group>"; };
		323147EB23D9700F00B71DCD /* ProtocolA.swift */ = {isa = PBXFileReference; lastKnownFileType = sourcecode.swift; path = ProtocolA.swift; sourceTree = "<group>"; };
		323147ED23D9702900B71DCD /* ProtocolB.swift */ = {isa = PBXFileReference; lastKnownFileType = sourcecode.swift; path = ProtocolB.swift; sourceTree = "<group>"; };
		323147EF23D9764C00B71DCD /* ProtocolX.swift */ = {isa = PBXFileReference; lastKnownFileType = sourcecode.swift; path = ProtocolX.swift; sourceTree = "<group>"; };
		323147F123D9768E00B71DCD /* Test.swift */ = {isa = PBXFileReference; lastKnownFileType = sourcecode.swift; path = Test.swift; sourceTree = "<group>"; };
/* End PBXFileReference section */

/* Begin PBXFrameworksBuildPhase section */
		323147BF23D9634500B71DCD /* Frameworks */ = {
			isa = PBXFrameworksBuildPhase;
			buildActionMask = 2147483647;
			files = (
			);
			runOnlyForDeploymentPostprocessing = 0;
		};
/* End PBXFrameworksBuildPhase section */

/* Begin PBXGroup section */
		323147B923D9634500B71DCD = {
			isa = PBXGroup;
			children = (
				323147C423D9634500B71DCD /* ProtocolOriented */,
				323147C323D9634500B71DCD /* Products */,
			);
			sourceTree = "<group>";
		};
		323147C323D9634500B71DCD /* Products */ = {
			isa = PBXGroup;
			children = (
				323147C223D9634500B71DCD /* ProtocolOriented.app */,
			);
			name = Products;
			sourceTree = "<group>";
		};
		323147C423D9634500B71DCD /* ProtocolOriented */ = {
			isa = PBXGroup;
			children = (
				323147EA23D96FDC00B71DCD /* ProtocolDepthKnowledge */,
				323147E923D96FC100B71DCD /* ProtocolOrientedPrograming */,
				323147C523D9634500B71DCD /* AppDelegate.swift */,
				323147C723D9634500B71DCD /* SceneDelegate.swift */,
				323147C923D9634500B71DCD /* ViewController.swift */,
				323147CB23D9634500B71DCD /* Main.storyboard */,
				323147CE23D9634700B71DCD /* Assets.xcassets */,
				323147D023D9634700B71DCD /* LaunchScreen.storyboard */,
				323147D323D9634700B71DCD /* Info.plist */,
			);
			path = ProtocolOriented;
			sourceTree = "<group>";
		};
		323147D923D963B900B71DCD /* ProtocolGroup */ = {
			isa = PBXGroup;
			children = (
				323147DA23D965CB00B71DCD /* Weapon.swift */,
				323147DC23D966C000B71DCD /* Fireable.swift */,
				323147DE23D9676700B71DCD /* Cuttable.swift */,
				323147E523D96DD500B71DCD /* Bombable.swift */,
			);
			path = ProtocolGroup;
			sourceTree = "<group>";
		};
		323147E023D9684B00B71DCD /* StructureGroup */ = {
			isa = PBXGroup;
			children = (
				323147E123D9686C00B71DCD /* Rifle.swift */,
				323147E323D968D000B71DCD /* Sword.swift */,
				323147E723D96E1600B71DCD /* Bomb.swift */,
			);
			path = StructureGroup;
			sourceTree = "<group>";
		};
		323147E923D96FC100B71DCD /* ProtocolOrientedPrograming */ = {
			isa = PBXGroup;
			children = (
				323147E023D9684B00B71DCD /* StructureGroup */,
				323147D923D963B900B71DCD /* ProtocolGroup */,
			);
			path = ProtocolOrientedPrograming;
			sourceTree = "<group>";
		};
		323147EA23D96FDC00B71DCD /* ProtocolDepthKnowledge */ = {
			isa = PBXGroup;
			children = (
				323147EB23D9700F00B71DCD /* ProtocolA.swift */,
				323147ED23D9702900B71DCD /* ProtocolB.swift */,
				323147EF23D9764C00B71DCD /* ProtocolX.swift */,
				323147F123D9768E00B71DCD /* Test.swift */,
			);
			path = ProtocolDepthKnowledge;
			sourceTree = "<group>";
		};
/* End PBXGroup section */

/* Begin PBXNativeTarget section */
		323147C123D9634500B71DCD /* ProtocolOriented */ = {
			isa = PBXNativeTarget;
			buildConfigurationList = 323147D623D9634700B71DCD /* Build configuration list for PBXNativeTarget "ProtocolOriented" */;
			buildPhases = (
				323147BE23D9634500B71DCD /* Sources */,
				323147BF23D9634500B71DCD /* Frameworks */,
				323147C023D9634500B71DCD /* Resources */,
			);
			buildRules = (
			);
			dependencies = (
			);
			name = ProtocolOriented;
			productName = ProtocolOriented;
			productReference = 323147C223D9634500B71DCD /* ProtocolOriented.app */;
			productType = "com.apple.product-type.application";
		};
/* End PBXNativeTarget section */

/* Begin PBXProject section */
		323147BA23D9634500B71DCD /* Project object */ = {
			isa = PBXProject;
			attributes = {
				LastSwiftUpdateCheck = 1130;
				LastUpgradeCheck = 1130;
				ORGANIZATIONNAME = sunil.kumar1;
				TargetAttributes = {
					323147C123D9634500B71DCD = {
						CreatedOnToolsVersion = 11.3;
					};
				};
			};
			buildConfigurationList = 323147BD23D9634500B71DCD /* Build configuration list for PBXProject "ProtocolOriented" */;
			compatibilityVersion = "Xcode 9.3";
			developmentRegion = en;
			hasScannedForEncodings = 0;
			knownRegions = (
				en,
				Base,
			);
			mainGroup = 323147B923D9634500B71DCD;
			productRefGroup = 323147C323D9634500B71DCD /* Products */;
			projectDirPath = "";
			projectRoot = "";
			targets = (
				323147C123D9634500B71DCD /* ProtocolOriented */,
			);
		};
/* End PBXProject section */

/* Begin PBXResourcesBuildPhase section */
		323147C023D9634500B71DCD /* Resources */ = {
			isa = PBXResourcesBuildPhase;
			buildActionMask = 2147483647;
			files = (
				323147D223D9634700B71DCD /* LaunchScreen.storyboard in Resources */,
				323147CF23D9634700B71DCD /* Assets.xcassets in Resources */,
				323147CD23D9634500B71DCD /* Main.storyboard in Resources */,
			);
			runOnlyForDeploymentPostprocessing = 0;
		};
/* End PBXResourcesBuildPhase section */

/* Begin PBXSourcesBuildPhase section */
		323147BE23D9634500B71DCD /* Sources */ = {
			isa = PBXSourcesBuildPhase;
			buildActionMask = 2147483647;
			files = (
				323147CA23D9634500B71DCD /* ViewController.swift in Sources */,
				323147DB23D965CB00B71DCD /* Weapon.swift in Sources */,
				323147C623D9634500B71DCD /* AppDelegate.swift in Sources */,
				323147F223D9768E00B71DCD /* Test.swift in Sources */,
				323147F023D9764C00B71DCD /* ProtocolX.swift in Sources */,
				323147E823D96E1600B71DCD /* Bomb.swift in Sources */,
				323147DD23D966C000B71DCD /* Fireable.swift in Sources */,
				323147C823D9634500B71DCD /* SceneDelegate.swift in Sources */,
				323147E623D96DD500B71DCD /* Bombable.swift in Sources */,
				323147EC23D9700F00B71DCD /* ProtocolA.swift in Sources */,
				323147E423D968D000B71DCD /* Sword.swift in Sources */,
				323147DF23D9676700B71DCD /* Cuttable.swift in Sources */,
				323147EE23D9702900B71DCD /* ProtocolB.swift in Sources */,
				323147E223D9686C00B71DCD /* Rifle.swift in Sources */,
			);
			runOnlyForDeploymentPostprocessing = 0;
		};
/* End PBXSourcesBuildPhase section */

/* Begin PBXVariantGroup section */
		323147CB23D9634500B71DCD /* Main.storyboard */ = {
			isa = PBXVariantGroup;
			children = (
				323147CC23D9634500B71DCD /* Base */,
			);
			name = Main.storyboard;
			sourceTree = "<group>";
		};
		323147D023D9634700B71DCD /* LaunchScreen.storyboard */ = {
			isa = PBXVariantGroup;
			children = (
				323147D123D9634700B71DCD /* Base */,
			);
			name = LaunchScreen.storyboard;
			sourceTree = "<group>";
		};
/* End PBXVariantGroup section */

/* Begin XCBuildConfiguration section */
		323147D423D9634700B71DCD /* Debug */ = {
			isa = XCBuildConfiguration;
			buildSettings = {
				ALWAYS_SEARCH_USER_PATHS = NO;
				CLANG_ANALYZER_NONNULL = YES;
				CLANG_ANALYZER_NUMBER_OBJECT_CONVERSION = YES_AGGRESSIVE;
				CLANG_CXX_LANGUAGE_STANDARD = "gnu++14";
				CLANG_CXX_LIBRARY = "libc++";
				CLANG_ENABLE_MODULES = YES;
				CLANG_ENABLE_OBJC_ARC = YES;
				CLANG_ENABLE_OBJC_WEAK = YES;
				CLANG_WARN_BLOCK_CAPTURE_AUTORELEASING = YES;
				CLANG_WARN_BOOL_CONVERSION = YES;
				CLANG_WARN_COMMA = YES;
				CLANG_WARN_CONSTANT_CONVERSION = YES;
				CLANG_WARN_DEPRECATED_OBJC_IMPLEMENTATIONS = YES;
				CLANG_WARN_DIRECT_OBJC_ISA_USAGE = YES_ERROR;
				CLANG_WARN_DOCUMENTATION_COMMENTS = YES;
				CLANG_WARN_EMPTY_BODY = YES;
				CLANG_WARN_ENUM_CONVERSION = YES;
				CLANG_WARN_INFINITE_RECURSION = YES;
				CLANG_WARN_INT_CONVERSION = YES;
				CLANG_WARN_NON_LITERAL_NULL_CONVERSION = YES;
				CLANG_WARN_OBJC_IMPLICIT_RETAIN_SELF = YES;
				CLANG_WARN_OBJC_LITERAL_CONVERSION = YES;
				CLANG_WARN_OBJC_ROOT_CLASS = YES_ERROR;
				CLANG_WARN_RANGE_LOOP_ANALYSIS = YES;
				CLANG_WARN_STRICT_PROTOTYPES = YES;
				CLANG_WARN_SUSPICIOUS_MOVE = YES;
				CLANG_WARN_UNGUARDED_AVAILABILITY = YES_AGGRESSIVE;
				CLANG_WARN_UNREACHABLE_CODE = YES;
				CLANG_WARN__DUPLICATE_METHOD_MATCH = YES;
				COPY_PHASE_STRIP = NO;
				DEBUG_INFORMATION_FORMAT = dwarf;
				ENABLE_STRICT_OBJC_MSGSEND = YES;
				ENABLE_TESTABILITY = YES;
				GCC_C_LANGUAGE_STANDARD = gnu11;
				GCC_DYNAMIC_NO_PIC = NO;
				GCC_NO_COMMON_BLOCKS = YES;
				GCC_OPTIMIZATION_LEVEL = 0;
				GCC_PREPROCESSOR_DEFINITIONS = (
					"DEBUG=1",
					"$(inherited)",
				);
				GCC_WARN_64_TO_32_BIT_CONVERSION = YES;
				GCC_WARN_ABOUT_RETURN_TYPE = YES_ERROR;
				GCC_WARN_UNDECLARED_SELECTOR = YES;
				GCC_WARN_UNINITIALIZED_AUTOS = YES_AGGRESSIVE;
				GCC_WARN_UNUSED_FUNCTION = YES;
				GCC_WARN_UNUSED_VARIABLE = YES;
				IPHONEOS_DEPLOYMENT_TARGET = 13.2;
				MTL_ENABLE_DEBUG_INFO = INCLUDE_SOURCE;
				MTL_FAST_MATH = YES;
				ONLY_ACTIVE_ARCH = YES;
				SDKROOT = iphoneos;
				SWIFT_ACTIVE_COMPILATION_CONDITIONS = DEBUG;
				SWIFT_OPTIMIZATION_LEVEL = "-Onone";
			};
			name = Debug;
		};
		323147D523D9634700B71DCD /* Release */ = {
			isa = XCBuildConfiguration;
			buildSettings = {
				ALWAYS_SEARCH_USER_PATHS = NO;
				CLANG_ANALYZER_NONNULL = YES;
				CLANG_ANALYZER_NUMBER_OBJECT_CONVERSION = YES_AGGRESSIVE;
				CLANG_CXX_LANGUAGE_STANDARD = "gnu++14";
				CLANG_CXX_LIBRARY = "libc++";
				CLANG_ENABLE_MODULES = YES;
				CLANG_ENABLE_OBJC_ARC = YES;
				CLANG_ENABLE_OBJC_WEAK = YES;
				CLANG_WARN_BLOCK_CAPTURE_AUTORELEASING = YES;
				CLANG_WARN_BOOL_CONVERSION = YES;
				CLANG_WARN_COMMA = YES;
				CLANG_WARN_CONSTANT_CONVERSION = YES;
				CLANG_WARN_DEPRECATED_OBJC_IMPLEMENTATIONS = YES;
				CLANG_WARN_DIRECT_OBJC_ISA_USAGE = YES_ERROR;
				CLANG_WARN_DOCUMENTATION_COMMENTS = YES;
				CLANG_WARN_EMPTY_BODY = YES;
				CLANG_WARN_ENUM_CONVERSION = YES;
				CLANG_WARN_INFINITE_RECURSION = YES;
				CLANG_WARN_INT_CONVERSION = YES;
				CLANG_WARN_NON_LITERAL_NULL_CONVERSION = YES;
				CLANG_WARN_OBJC_IMPLICIT_RETAIN_SELF = YES;
				CLANG_WARN_OBJC_LITERAL_CONVERSION = YES;
				CLANG_WARN_OBJC_ROOT_CLASS = YES_ERROR;
				CLANG_WARN_RANGE_LOOP_ANALYSIS = YES;
				CLANG_WARN_STRICT_PROTOTYPES = YES;
				CLANG_WARN_SUSPICIOUS_MOVE = YES;
				CLANG_WARN_UNGUARDED_AVAILABILITY = YES_AGGRESSIVE;
				CLANG_WARN_UNREACHABLE_CODE = YES;
				CLANG_WARN__DUPLICATE_METHOD_MATCH = YES;
				COPY_PHASE_STRIP = NO;
				DEBUG_INFORMATION_FORMAT = "dwarf-with-dsym";
				ENABLE_NS_ASSERTIONS = NO;
				ENABLE_STRICT_OBJC_MSGSEND = YES;
				GCC_C_LANGUAGE_STANDARD = gnu11;
				GCC_NO_COMMON_BLOCKS = YES;
				GCC_WARN_64_TO_32_BIT_CONVERSION = YES;
				GCC_WARN_ABOUT_RETURN_TYPE = YES_ERROR;
				GCC_WARN_UNDECLARED_SELECTOR = YES;
				GCC_WARN_UNINITIALIZED_AUTOS = YES_AGGRESSIVE;
				GCC_WARN_UNUSED_FUNCTION = YES;
				GCC_WARN_UNUSED_VARIABLE = YES;
				IPHONEOS_DEPLOYMENT_TARGET = 13.2;
				MTL_ENABLE_DEBUG_INFO = NO;
				MTL_FAST_MATH = YES;
				SDKROOT = iphoneos;
				SWIFT_COMPILATION_MODE = wholemodule;
				SWIFT_OPTIMIZATION_LEVEL = "-O";
				VALIDATE_PRODUCT = YES;
			};
			name = Release;
		};
		323147D723D9634700B71DCD /* Debug */ = {
			isa = XCBuildConfiguration;
			buildSettings = {
				ASSETCATALOG_COMPILER_APPICON_NAME = AppIcon;
				CODE_SIGN_STYLE = Automatic;
				INFOPLIST_FILE = ProtocolOriented/Info.plist;
				LD_RUNPATH_SEARCH_PATHS = (
					"$(inherited)",
					"@executable_path/Frameworks",
				);
				PRODUCT_BUNDLE_IDENTIFIER = in.til.popkarn.ProtocolOriented;
				PRODUCT_NAME = "$(TARGET_NAME)";
				SWIFT_VERSION = 5.0;
				TARGETED_DEVICE_FAMILY = "1,2";
			};
			name = Debug;
		};
		323147D823D9634700B71DCD /* Release */ = {
			isa = XCBuildConfiguration;
			buildSettings = {
				ASSETCATALOG_COMPILER_APPICON_NAME = AppIcon;
				CODE_SIGN_STYLE = Automatic;
				INFOPLIST_FILE = ProtocolOriented/Info.plist;
				LD_RUNPATH_SEARCH_PATHS = (
					"$(inherited)",
					"@executable_path/Frameworks",
				);
				PRODUCT_BUNDLE_IDENTIFIER = in.til.popkarn.ProtocolOriented;
				PRODUCT_NAME = "$(TARGET_NAME)";
				SWIFT_VERSION = 5.0;
				TARGETED_DEVICE_FAMILY = "1,2";
			};
			name = Release;
		};
/* End XCBuildConfiguration section */

/* Begin XCConfigurationList section */
		323147BD23D9634500B71DCD /* Build configuration list for PBXProject "ProtocolOriented" */ = {
			isa = XCConfigurationList;
			buildConfigurations = (
				323147D423D9634700B71DCD /* Debug */,
				323147D523D9634700B71DCD /* Release */,
			);
			defaultConfigurationIsVisible = 0;
			defaultConfigurationName = Release;
		};
		323147D623D9634700B71DCD /* Build configuration list for PBXNativeTarget "ProtocolOriented" */ = {
			isa = XCConfigurationList;
			buildConfigurations = (
				323147D723D9634700B71DCD /* Debug */,
				323147D823D9634700B71DCD /* Release */,
			);
			defaultConfigurationIsVisible = 0;
			defaultConfigurationName = Release;
		};
/* End XCConfigurationList section */
	};
	rootObject = 323147BA23D9634500B71DCD /* Project object */;
}
